
Microsoft Visual Studio Solution File, Format Version 12.00
# Visual Studio Version 16
VisualStudioVersion = 16.0.31313.79
MinimumVisualStudioVersion = 10.0.40219.1
Project("{FAE04EC0-301F-11D3-BF4B-00C04F79EFBC}") = "blendd", "blendd\blendd.csproj", "{0A51EFB8-D1E9-4A1E-9E09-46D0FDEC7867}"
EndProject
Global
	GlobalSection(SolutionConfigurationPlatforms) = preSolution
		Debug|Any CPU = Debug|Any CPU
		Release|Any CPU = Release|Any CPU
	EndGlobalSection
	GlobalSection(ProjectConfigurationPlatforms) = postSolution
		{0A51EFB8-D1E9-4A1E-9E09-46D0FDEC7867}.Debug|Any CPU.ActiveCfg = Debug|Any CPU
		{0A51EFB8-D1E9-4A1E-9E09-46D0FDEC7867}.Debug|Any CPU.Build.0 = Debug|Any CPU
		{0A51EFB8-D1E9-4A1E-9E09-46D0FDEC7867}.Release|Any CPU.ActiveCfg = Release|Any CPU
		{0A51EFB8-D1E9-4A1E-9E09-46D0FDEC7867}.Release|Any CPU.Build.0 = Release|Any CPU
	EndGlobalSection
	GlobalSection(SolutionProperties) = preSolution
		HideSolutionNode = FALSE
	EndGlobalSection
	GlobalSection(ExtensibilityGlobals) = postSolution
		SolutionGuid = {2B0F1C06-7F7D-41CC-A1C4-DC52D3F3E9B4}
	EndGlobalSection
EndGlobal
